
Microsoft Visual Studio Solution File, Format Version 12.00
# Visual Studio 2015
Project("{FAE04EC0-301F-11D3-BF4B-00C04F79EFBC}") = "SkyKidz", "SkyKidz.csproj", "{77792B29-06D1-8E15-7AFE-2E4CCA6DF546}"
EndProject
Project("{FAE04EC0-301F-11D3-BF4B-00C04F79EFBC}") = "SkyKidz.Editor", "SkyKidz.Editor.csproj", "{9514DC9C-C340-2429-1713-AF96A1AB3EFC}"
EndProject
Global
	GlobalSection(SolutionConfigurationPlatforms) = preSolution
		Debug|Any CPU = Debug|Any CPU
		Release|Any CPU = Release|Any CPU
	EndGlobalSection
	GlobalSection(ProjectConfigurationPlatforms) = postSolution
		{77792B29-06D1-8E15-7AFE-2E4CCA6DF546}.Debug|Any CPU.ActiveCfg = Debug|Any CPU
		{77792B29-06D1-8E15-7AFE-2E4CCA6DF546}.Debug|Any CPU.Build.0 = Debug|Any CPU
		{77792B29-06D1-8E15-7AFE-2E4CCA6DF546}.Release|Any CPU.ActiveCfg = Release|Any CPU
		{77792B29-06D1-8E15-7AFE-2E4CCA6DF546}.Release|Any CPU.Build.0 = Release|Any CPU
		{9514DC9C-C340-2429-1713-AF96A1AB3EFC}.Debug|Any CPU.ActiveCfg = Debug|Any CPU
		{9514DC9C-C340-2429-1713-AF96A1AB3EFC}.Debug|Any CPU.Build.0 = Debug|Any CPU
		{9514DC9C-C340-2429-1713-AF96A1AB3EFC}.Release|Any CPU.ActiveCfg = Release|Any CPU
		{9514DC9C-C340-2429-1713-AF96A1AB3EFC}.Release|Any CPU.Build.0 = Release|Any CPU
	EndGlobalSection
	GlobalSection(SolutionProperties) = preSolution
		HideSolutionNode = FALSE
	EndGlobalSection
EndGlobal
